
Microsoft Visual Studio Solution File, Format Version 12.00
# Visual Studio Version 17
VisualStudioVersion = 17.12.35209.166
MinimumVisualStudioVersion = 10.0.40219.1
Project("{FAE04EC0-301F-11D3-BF4B-00C04F79EFBC}") = "RuleEngine.Examples", "RuleEngine.Examples.csproj", "{401E8DA6-06C7-4268-A02C-6921E7F05E07}"
EndProject
Global
	GlobalSection(SolutionConfigurationPlatforms) = preSolution
		Debug|Any CPU = Debug|Any CPU
		Release|Any CPU = Release|Any CPU
	EndGlobalSection
	GlobalSection(ProjectConfigurationPlatforms) = postSolution
		{401E8DA6-06C7-4268-A02C-6921E7F05E07}.Debug|Any CPU.ActiveCfg = Debug|Any CPU
		{401E8DA6-06C7-4268-A02C-6921E7F05E07}.Debug|Any CPU.Build.0 = Debug|Any CPU
		{401E8DA6-06C7-4268-A02C-6921E7F05E07}.Release|Any CPU.ActiveCfg = Release|Any CPU
		{401E8DA6-06C7-4268-A02C-6921E7F05E07}.Release|Any CPU.Build.0 = Release|Any CPU
	EndGlobalSection
	GlobalSection(SolutionProperties) = preSolution
		HideSolutionNode = FALSE
	EndGlobalSection
	GlobalSection(ExtensibilityGlobals) = postSolution
		SolutionGuid = {D69A53E8-271E-4B52-B81D-7D58CAE5094E}
	EndGlobalSection
EndGlobal
